
Microsoft Visual Studio Solution File, Format Version 12.00
# Visual Studio Version 16
VisualStudioVersion = 16.0.30621.155
MinimumVisualStudioVersion = 10.0.40219.1
Project("{FAE04EC0-301F-11D3-BF4B-00C04F79EFBC}") = "Atc.CodeFormatter", "src\Atc.AutoFormatter\Atc.AutoFormatter.csproj", "{3F8A8EFC-E27D-4C36-8FA5-17DEF5C83570}"
EndProject
Global
	GlobalSection(SolutionConfigurationPlatforms) = preSolution
		Debug|Any CPU = Debug|Any CPU
		Release|Any CPU = Release|Any CPU
	EndGlobalSection
	GlobalSection(ProjectConfigurationPlatforms) = postSolution
		{3F8A8EFC-E27D-4C36-8FA5-17DEF5C83570}.Debug|Any CPU.ActiveCfg = Debug|Any CPU
		{3F8A8EFC-E27D-4C36-8FA5-17DEF5C83570}.Debug|Any CPU.Build.0 = Debug|Any CPU
		{3F8A8EFC-E27D-4C36-8FA5-17DEF5C83570}.Release|Any CPU.ActiveCfg = Release|Any CPU
		{3F8A8EFC-E27D-4C36-8FA5-17DEF5C83570}.Release|Any CPU.Build.0 = Release|Any CPU
	EndGlobalSection
	GlobalSection(SolutionProperties) = preSolution
		HideSolutionNode = FALSE
	EndGlobalSection
	GlobalSection(ExtensibilityGlobals) = postSolution
		SolutionGuid = {328FE8A0-41E8-4F5E-8DE1-BADAFD949B97}
	EndGlobalSection
EndGlobal
